lockfileVersion: '6.0'

settings:
  autoInstallPeers: true
  excludeLinksFromLockfile: false

dependencies:
  prosemirror-example-setup:
    specifier: ^1.2.2
    version: 1.2.2
  prosemirror-model:
    specifier: ^1.19.3
    version: 1.19.3
  prosemirror-schema-basic:
    specifier: ^1.2.2
    version: 1.2.2
  prosemirror-schema-list:
    specifier: ^1.3.0
    version: 1.3.0
  prosemirror-state:
    specifier: ^1.4.3
    version: 1.4.3
  prosemirror-view:
    specifier: ^1.31.6
    version: 1.31.6

packages:

  /crelt@1.0.6:
    resolution: {integrity: sha512-VQ2MBenTq1fWZUH9DJNGti7kKv6EeAuYr3cLwxUWhIu1baTaXh4Ib5W2CqHVqib4/MqbYGJqiL3Zb8GJZr3l4g==}
    dev: false

  /orderedmap@2.1.1:
    resolution: {integrity: sha512-TvAWxi0nDe1j/rtMcWcIj94+Ffe6n7zhow33h40SKxmsmozs6dz/e+EajymfoFcHd7sxNn8yHM8839uixMOV6g==}
    dev: false

  /prosemirror-commands@1.5.2:
    resolution: {integrity: sha512-hgLcPaakxH8tu6YvVAaILV2tXYsW3rAdDR8WNkeKGcgeMVQg3/TMhPdVoh7iAmfgVjZGtcOSjKiQaoeKjzd2mQ==}
    dependencies:
      prosemirror-model: 1.19.3
      prosemirror-state: 1.4.3
      prosemirror-transform: 1.7.3
    dev: false

  /prosemirror-dropcursor@1.8.1:
    resolution: {integrity: sha512-M30WJdJZLyXHi3N8vxN6Zh5O8ZBbQCz0gURTfPmTIBNQ5pxrdU7A58QkNqfa98YEjSAL1HUyyU34f6Pm5xBSGw==}
    dependencies:
      prosemirror-state: 1.4.3
      prosemirror-transform: 1.7.3
      prosemirror-view: 1.31.6
    dev: false

  /prosemirror-example-setup@1.2.2:
    resolution: {integrity: sha512-pHJc656IgYm249RNp0eQaWNmnyWGk6OrzysWfYI4+NwE14HQ7YNYOlRBLErUS6uCAHIYJLNXf0/XCmf1OCtNbQ==}
    dependencies:
      prosemirror-commands: 1.5.2
      prosemirror-dropcursor: 1.8.1
      prosemirror-gapcursor: 1.3.2
      prosemirror-history: 1.3.2
      prosemirror-inputrules: 1.2.1
      prosemirror-keymap: 1.2.2
      prosemirror-menu: 1.2.2
      prosemirror-schema-list: 1.3.0
      prosemirror-state: 1.4.3
    dev: false

  /prosemirror-gapcursor@1.3.2:
    resolution: {integrity: sha512-wtjswVBd2vaQRrnYZaBCbyDqr232Ed4p2QPtRIUK5FuqHYKGWkEwl08oQM4Tw7DOR0FsasARV5uJFvMZWxdNxQ==}
    dependencies:
      prosemirror-keymap: 1.2.2
      prosemirror-model: 1.19.3
      prosemirror-state: 1.4.3
      prosemirror-view: 1.31.6
    dev: false

  /prosemirror-history@1.3.2:
    resolution: {integrity: sha512-/zm0XoU/N/+u7i5zepjmZAEnpvjDtzoPWW6VmKptcAnPadN/SStsBjMImdCEbb3seiNTpveziPTIrXQbHLtU1g==}
    dependencies:
      prosemirror-state: 1.4.3
      prosemirror-transform: 1.7.3
      prosemirror-view: 1.31.6
      rope-sequence: 1.3.4
    dev: false

  /prosemirror-inputrules@1.2.1:
    resolution: {integrity: sha512-3LrWJX1+ULRh5SZvbIQlwZafOXqp1XuV21MGBu/i5xsztd+9VD15x6OtN6mdqSFI7/8Y77gYUbQ6vwwJ4mr6QQ==}
    dependencies:
      prosemirror-state: 1.4.3
      prosemirror-transform: 1.7.3
    dev: false

  /prosemirror-keymap@1.2.2:
    resolution: {integrity: sha512-EAlXoksqC6Vbocqc0GtzCruZEzYgrn+iiGnNjsJsH4mrnIGex4qbLdWWNza3AW5W36ZRrlBID0eM6bdKH4OStQ==}
    dependencies:
      prosemirror-state: 1.4.3
      w3c-keyname: 2.2.8
    dev: false

  /prosemirror-menu@1.2.2:
    resolution: {integrity: sha512-437HIWTq4F9cTX+kPfqZWWm+luJm95Aut/mLUy+9OMrOml0bmWDS26ceC6SNfb2/S94et1sZ186vLO7pDHzxSw==}
    dependencies:
      crelt: 1.0.6
      prosemirror-commands: 1.5.2
      prosemirror-history: 1.3.2
      prosemirror-state: 1.4.3
    dev: false

  /prosemirror-model@1.19.3:
    resolution: {integrity: sha512-tgSnwN7BS7/UM0sSARcW+IQryx2vODKX4MI7xpqY2X+iaepJdKBPc7I4aACIsDV/LTaTjt12Z56MhDr9LsyuZQ==}
    dependencies:
      orderedmap: 2.1.1
    dev: false

  /prosemirror-schema-basic@1.2.2:
    resolution: {integrity: sha512-/dT4JFEGyO7QnNTe9UaKUhjDXbTNkiWTq/N4VpKaF79bBjSExVV2NXmJpcM7z/gD7mbqNjxbmWW5nf1iNSSGnw==}
    dependencies:
      prosemirror-model: 1.19.3
    dev: false

  /prosemirror-schema-list@1.3.0:
    resolution: {integrity: sha512-Hz/7gM4skaaYfRPNgr421CU4GSwotmEwBVvJh5ltGiffUJwm7C8GfN/Bc6DR1EKEp5pDKhODmdXXyi9uIsZl5A==}
    dependencies:
      prosemirror-model: 1.19.3
      prosemirror-state: 1.4.3
      prosemirror-transform: 1.7.3
    dev: false

  /prosemirror-state@1.4.3:
    resolution: {integrity: sha512-goFKORVbvPuAQaXhpbemJFRKJ2aixr+AZMGiquiqKxaucC6hlpHNZHWgz5R7dS4roHiwq9vDctE//CZ++o0W1Q==}
    dependencies:
      prosemirror-model: 1.19.3
      prosemirror-transform: 1.7.3
      prosemirror-view: 1.31.6
    dev: false

  /prosemirror-transform@1.7.3:
    resolution: {integrity: sha512-qDapyx5lqYfxVeUWEw0xTGgeP2S8346QtE7DxkalsXlX89lpzkY6GZfulgfHyk1n4tf74sZ7CcXgcaCcGjsUtA==}
    dependencies:
      prosemirror-model: 1.19.3
    dev: false

  /prosemirror-view@1.31.6:
    resolution: {integrity: sha512-wwgErp+EWnuW4kGAYKrt90hhOetaoWpYNdOpnuQMXo1m4x/+uhauFeQoCCm8J30ZqAa4LgIER4yzKSO545gRfA==}
    dependencies:
      prosemirror-model: 1.19.3
      prosemirror-state: 1.4.3
      prosemirror-transform: 1.7.3
    dev: false

  /rope-sequence@1.3.4:
    resolution: {integrity: sha512-UT5EDe2cu2E/6O4igUr5PSFs23nvvukicWHx6GnOPlHAiiYbzNuCRQCuiUdHJQcqKalLKlrYJnjY0ySGsXNQXQ==}
    dev: false

  /w3c-keyname@2.2.8:
    resolution: {integrity: sha512-dpojBhNsCNN7T82Tm7k26A6G9ML3NkhDsnw9n/eoxSRlVBB4CEtIQ/KTCLI2Fwf3ataSXRhYFkQi3SlnFwPvPQ==}
    dev: false
